{
  "name": "jooby-swagger-ui",
  "version": "2.8.0",
  "lockfileVersion": 1,
  "requires": true,
  "dependencies": {
    "swagger-ui-dist": {
      "version": "4.9.0",
      "resolved": "https://registry.npmjs.org/swagger-ui-dist/-/swagger-ui-dist-4.9.0.tgz",
      "integrity": "sha512-TKoCEfy/I7YfI+ukHwmnknSyUR58ebpdLLv6tJ1FcPYGCmnsgFq7g3gIqrG5zrJiafvI6810xBb6r4r6x17PwA=="
    }
  }
}
