{
  "name": "jooby-swagger-ui",
  "version": "2.8.0",
  "lockfileVersion": 1,
  "requires": true,
  "dependencies": {
    "swagger-ui-dist": {
      "version": "4.14.1",
      "resolved": "https://registry.npmjs.org/swagger-ui-dist/-/swagger-ui-dist-4.14.1.tgz",
      "integrity": "sha512-GjK581G3ZMOw1vLiQyMV+XHXSE4F83/2E48Y8Cs+X+25QHegwPu/83+GDCls3htPZvEOr0IG+oVljhMyuRy1kA=="
    }
  }
}
