{
  "name": "jooby-swagger-ui",
  "version": "2.8.0",
  "lockfileVersion": 1,
  "requires": true,
  "dependencies": {
    "swagger-ui-dist": {
      "version": "4.14.2",
      "resolved": "https://registry.npmjs.org/swagger-ui-dist/-/swagger-ui-dist-4.14.2.tgz",
      "integrity": "sha512-kOIU7Ts3TrXDLb3/c9jRe4qGp8O3bRT19FFJA8wJfrRFkcK/4atPn3krhtBVJ57ZkNNofworXHxuYwmaisXBdg=="
    }
  }
}
